// !$*UTF8*$!
{
	archiveVersion = 1;
	classes = {
	};
	objectVersion = 50;
	objects = {

/* Begin PBXBuildFile section */
		1EDC13969B5D9AD883AC0F7A /* Pods_PubsUITests.framework in Frameworks */ = {isa = PBXBuildFile; fileRef = 3040811D47CA59412CD8DDC7 /* Pods_PubsUITests.framework */; };
		705A4A54B599A4F6B22C24EA /* Pods_Pubs.framework in Frameworks */ = {isa = PBXBuildFile; fileRef = 618EB0256DF74814BB0DDBA3 /* Pods_Pubs.framework */; };
		8DD664E5CB59FDD63787D429 /* Pods_PubsTests.framework in Frameworks */ = {isa = PBXBuildFile; fileRef = BFBEC96E1F367C949F32FE93 /* Pods_PubsTests.framework */; };
		E447DC672150275E008CCB5C /* UISlider+Rx.swift in Sources */ = {isa = PBXBuildFile; fileRef = E447DC552150275D008CCB5C /* UISlider+Rx.swift */; };
		E447DC682150275E008CCB5C /* UITabBar+Rx.swift in Sources */ = {isa = PBXBuildFile; fileRef = E447DC562150275E008CCB5C /* UITabBar+Rx.swift */; };
		E447DC692150275E008CCB5C /* UIToolbar+Rx.swift in Sources */ = {isa = PBXBuildFile; fileRef = E447DC572150275E008CCB5C /* UIToolbar+Rx.swift */; };
		E447DC6A2150275E008CCB5C /* UINavigationBar+Rx.swift in Sources */ = {isa = PBXBuildFile; fileRef = E447DC582150275E008CCB5C /* UINavigationBar+Rx.swift */; };
		E447DC6B2150275E008CCB5C /* CALayer+Rx.swift in Sources */ = {isa = PBXBuildFile; fileRef = E447DC592150275E008CCB5C /* CALayer+Rx.swift */; };
		E447DC6C2150275E008CCB5C /* UILabel+Rx.swift in Sources */ = {isa = PBXBuildFile; fileRef = E447DC5A2150275E008CCB5C /* UILabel+Rx.swift */; };
		E447DC6D2150275E008CCB5C /* UIButton+Rx.swift in Sources */ = {isa = PBXBuildFile; fileRef = E447DC5B2150275E008CCB5C /* UIButton+Rx.swift */; };
		E447DC6E2150275E008CCB5C /* UITextView+Rx.swift in Sources */ = {isa = PBXBuildFile; fileRef = E447DC5C2150275E008CCB5C /* UITextView+Rx.swift */; };
		E447DC6F2150275E008CCB5C /* UIView+Rx.swift in Sources */ = {isa = PBXBuildFile; fileRef = E447DC5D2150275E008CCB5C /* UIView+Rx.swift */; };
		E447DC702150275E008CCB5C /* UISwitch+Rx.swift in Sources */ = {isa = PBXBuildFile; fileRef = E447DC5E2150275E008CCB5C /* UISwitch+Rx.swift */; };
		E447DC712150275E008CCB5C /* UITextField+Rx.swift in Sources */ = {isa = PBXBuildFile; fileRef = E447DC5F2150275E008CCB5C /* UITextField+Rx.swift */; };
		E447DC722150275E008CCB5C /* UIBarButtonItem+Rx.swift in Sources */ = {isa = PBXBuildFile; fileRef = E447DC602150275E008CCB5C /* UIBarButtonItem+Rx.swift */; };
		E447DC732150275E008CCB5C /* UIActivityIndicatorView+Rx.swift in Sources */ = {isa = PBXBuildFile; fileRef = E447DC612150275E008CCB5C /* UIActivityIndicatorView+Rx.swift */; };
		E447DC742150275E008CCB5C /* UISegmentControl+Rx.swift in Sources */ = {isa = PBXBuildFile; fileRef = E447DC622150275E008CCB5C /* UISegmentControl+Rx.swift */; };
		E447DC752150275E008CCB5C /* UITableView+Rx.swift in Sources */ = {isa = PBXBuildFile; fileRef = E447DC632150275E008CCB5C /* UITableView+Rx.swift */; };
		E447DC762150275E008CCB5C /* UISearchBar+Rx.swift in Sources */ = {isa = PBXBuildFile; fileRef = E447DC642150275E008CCB5C /* UISearchBar+Rx.swift */; };
		E447DC772150275E008CCB5C /* UIPageControl+Rx.swift in Sources */ = {isa = PBXBuildFile; fileRef = E447DC652150275E008CCB5C /* UIPageControl+Rx.swift */; };
		E447DC782150275E008CCB5C /* UIProgressView+Rx.swift in Sources */ = {isa = PBXBuildFile; fileRef = E447DC662150275E008CCB5C /* UIProgressView+Rx.swift */; };
		E456280A214DD9400082217C /* Beer.swift in Sources */ = {isa = PBXBuildFile; fileRef = E4562809214DD9400082217C /* Beer.swift */; };
		E49BCA0E214DD062000E6886 /* PubsTests.swift in Sources */ = {isa = PBXBuildFile; fileRef = E49BCA0D214DD062000E6886 /* PubsTests.swift */; };
		E49BCA19214DD062000E6886 /* PubsUITests.swift in Sources */ = {isa = PBXBuildFile; fileRef = E49BCA18214DD062000E6886 /* PubsUITests.swift */; };
		E49BCA37214DD174000E6886 /* LaunchScreen.storyboard in Resources */ = {isa = PBXBuildFile; fileRef = E49BCA28214DD174000E6886 /* LaunchScreen.storyboard */; };
		E49BCA38214DD174000E6886 /* Main.storyboard in Resources */ = {isa = PBXBuildFile; fileRef = E49BCA2A214DD174000E6886 /* Main.storyboard */; };
		E49BCA3A214DD174000E6886 /* AppDelegate.swift in Sources */ = {isa = PBXBuildFile; fileRef = E49BCA32214DD174000E6886 /* AppDelegate.swift */; };
		E49BCA3C214DD174000E6886 /* Assets.xcassets in Resources */ = {isa = PBXBuildFile; fileRef = E49BCA36214DD174000E6886 /* Assets.xcassets */; };
		E4A1236E214DDBC30001FA48 /* Restaurant.swift in Sources */ = {isa = PBXBuildFile; fileRef = E4A1236D214DDBC30001FA48 /* Restaurant.swift */; };
		E4A12370214DDBF20001FA48 /* MainViewController.swift in Sources */ = {isa = PBXBuildFile; fileRef = E4A1236F214DDBF20001FA48 /* MainViewController.swift */; };
		E4A12372214DDC080001FA48 /* LunchViewController.swift in Sources */ = {isa = PBXBuildFile; fileRef = E4A12371214DDC080001FA48 /* LunchViewController.swift */; };
		E4A12374214DDC0F0001FA48 /* PubViewController.swift in Sources */ = {isa = PBXBuildFile; fileRef = E4A12373214DDC0F0001FA48 /* PubViewController.swift */; };
		E4A12376214DDDD90001FA48 /* AppTheme.swift in Sources */ = {isa = PBXBuildFile; fileRef = E4A12375214DDDD90001FA48 /* AppTheme.swift */; };
		E4A1237B214DE68F0001FA48 /* UIViewControllerExtensions.swift in Sources */ = {isa = PBXBuildFile; fileRef = E4A1237A214DE68F0001FA48 /* UIViewControllerExtensions.swift */; };
		E4A1237E214DE7940001FA48 /* UIColorExtensions.swift in Sources */ = {isa = PBXBuildFile; fileRef = E4A1237D214DE7940001FA48 /* UIColorExtensions.swift */; };
		E4A12384214F98650001FA48 /* RxTheme.swift in Sources */ = {isa = PBXBuildFile; fileRef = E4A12383214F98650001FA48 /* RxTheme.swift */; };
/* End PBXBuildFile section */

/* Begin PBXContainerItemProxy section */
		E49BCA0A214DD062000E6886 /* PBXContainerItemProxy */ = {
			isa = PBXContainerItemProxy;
			containerPortal = E49BC9ED214DD061000E6886 /* Project object */;
			proxyType = 1;
			remoteGlobalIDString = E49BC9F4214DD061000E6886;
			remoteInfo = Pubs;
		};
		E49BCA15214DD062000E6886 /* PBXContainerItemProxy */ = {
			isa = PBXContainerItemProxy;
			containerPortal = E49BC9ED214DD061000E6886 /* Project object */;
			proxyType = 1;
			remoteGlobalIDString = E49BC9F4214DD061000E6886;
			remoteInfo = Pubs;
		};
/* End PBXContainerItemProxy section */

/* Begin PBXFileReference section */
		1CD88BC4B48F01B812B97284 /* Pods-PubsTests.debug.xcconfig */ = {isa = PBXFileReference; includeInIndex = 1; lastKnownFileType = text.xcconfig; name = "Pods-PubsTests.debug.xcconfig"; path = "Pods/Target Support Files/Pods-PubsTests/Pods-PubsTests.debug.xcconfig"; sourceTree = "<group>"; };
		3040811D47CA59412CD8DDC7 /* Pods_PubsUITests.framework */ = {isa = PBXFileReference; explicitFileType = wrapper.framework; includeInIndex = 0; path = Pods_PubsUITests.framework; sourceTree = BUILT_PRODUCTS_DIR; };
		552BD2642B1E069AD06A36F2 /* Pods-PubsUITests.release.xcconfig */ = {isa = PBXFileReference; includeInIndex = 1; lastKnownFileType = text.xcconfig; name = "Pods-PubsUITests.release.xcconfig"; path = "Pods/Target Support Files/Pods-PubsUITests/Pods-PubsUITests.release.xcconfig"; sourceTree = "<group>"; };
		618EB0256DF74814BB0DDBA3 /* Pods_Pubs.framework */ = {isa = PBXFileReference; explicitFileType = wrapper.framework; includeInIndex = 0; path = Pods_Pubs.framework; sourceTree = BUILT_PRODUCTS_DIR; };
		74A5CCED1858C931915CA6D7 /* Pods-Pubs.debug.xcconfig */ = {isa = PBXFileReference; includeInIndex = 1; lastKnownFileType = text.xcconfig; name = "Pods-Pubs.debug.xcconfig"; path = "Pods/Target Support Files/Pods-Pubs/Pods-Pubs.debug.xcconfig"; sourceTree = "<group>"; };
		894B6E12420D01AE9C437EA6 /* Pods-PubsTests.release.xcconfig */ = {isa = PBXFileReference; includeInIndex = 1; lastKnownFileType = text.xcconfig; name = "Pods-PubsTests.release.xcconfig"; path = "Pods/Target Support Files/Pods-PubsTests/Pods-PubsTests.release.xcconfig"; sourceTree = "<group>"; };
		AC7B03457A22B63E55A18A1A /* Pods-Pubs.release.xcconfig */ = {isa = PBXFileReference; includeInIndex = 1; lastKnownFileType = text.xcconfig; name = "Pods-Pubs.release.xcconfig"; path = "Pods/Target Support Files/Pods-Pubs/Pods-Pubs.release.xcconfig"; sourceTree = "<group>"; };
		BFBEC96E1F367C949F32FE93 /* Pods_PubsTests.framework */ = {isa = PBXFileReference; explicitFileType = wrapper.framework; includeInIndex = 0; path = Pods_PubsTests.framework; sourceTree = BUILT_PRODUCTS_DIR; };
		E447DC552150275D008CCB5C /* UISlider+Rx.swift */ = {isa = PBXFileReference; fileEncoding = 4; lastKnownFileType = sourcecode.swift; path = "UISlider+Rx.swift"; sourceTree = "<group>"; };
		E447DC562150275E008CCB5C /* UITabBar+Rx.swift */ = {isa = PBXFileReference; fileEncoding = 4; lastKnownFileType = sourcecode.swift; path = "UITabBar+Rx.swift"; sourceTree = "<group>"; };
		E447DC572150275E008CCB5C /* UIToolbar+Rx.swift */ = {isa = PBXFileReference; fileEncoding = 4; lastKnownFileType = sourcecode.swift; path = "UIToolbar+Rx.swift"; sourceTree = "<group>"; };
		E447DC582150275E008CCB5C /* UINavigationBar+Rx.swift */ = {isa = PBXFileReference; fileEncoding = 4; lastKnownFileType = sourcecode.swift; path = "UINavigationBar+Rx.swift"; sourceTree = "<group>"; };
		E447DC592150275E008CCB5C /* CALayer+Rx.swift */ = {isa = PBXFileReference; fileEncoding = 4; lastKnownFileType = sourcecode.swift; path = "CALayer+Rx.swift"; sourceTree = "<group>"; };
		E447DC5A2150275E008CCB5C /* UILabel+Rx.swift */ = {isa = PBXFileReference; fileEncoding = 4; lastKnownFileType = sourcecode.swift; path = "UILabel+Rx.swift"; sourceTree = "<group>"; };
		E447DC5B2150275E008CCB5C /* UIButton+Rx.swift */ = {isa = PBXFileReference; fileEncoding = 4; lastKnownFileType = sourcecode.swift; path = "UIButton+Rx.swift"; sourceTree = "<group>"; };
		E447DC5C2150275E008CCB5C /* UITextView+Rx.swift */ = {isa = PBXFileReference; fileEncoding = 4; lastKnownFileType = sourcecode.swift; path = "UITextView+Rx.swift"; sourceTree = "<group>"; };
		E447DC5D2150275E008CCB5C /* UIView+Rx.swift */ = {isa = PBXFileReference; fileEncoding = 4; lastKnownFileType = sourcecode.swift; path = "UIView+Rx.swift"; sourceTree = "<group>"; };
		E447DC5E2150275E008CCB5C /* UISwitch+Rx.swift */ = {isa = PBXFileReference; fileEncoding = 4; lastKnownFileType = sourcecode.swift; path = "UISwitch+Rx.swift"; sourceTree = "<group>"; };
		E447DC5F2150275E008CCB5C /* UITextField+Rx.swift */ = {isa = PBXFileReference; fileEncoding = 4; lastKnownFileType = sourcecode.swift; path = "UITextField+Rx.swift"; sourceTree = "<group>"; };
		E447DC602150275E008CCB5C /* UIBarButtonItem+Rx.swift */ = {isa = PBXFileReference; fileEncoding = 4; lastKnownFileType = sourcecode.swift; path = "UIBarButtonItem+Rx.swift"; sourceTree = "<group>"; };
		E447DC612150275E008CCB5C /* UIActivityIndicatorView+Rx.swift */ = {isa = PBXFileReference; fileEncoding = 4; lastKnownFileType = sourcecode.swift; path = "UIActivityIndicatorView+Rx.swift"; sourceTree = "<group>"; };
		E447DC622150275E008CCB5C /* UISegmentControl+Rx.swift */ = {isa = PBXFileReference; fileEncoding = 4; lastKnownFileType = sourcecode.swift; path = "UISegmentControl+Rx.swift"; sourceTree = "<group>"; };
		E447DC632150275E008CCB5C /* UITableView+Rx.swift */ = {isa = PBXFileReference; fileEncoding = 4; lastKnownFileType = sourcecode.swift; path = "UITableView+Rx.swift"; sourceTree = "<group>"; };
		E447DC642150275E008CCB5C /* UISearchBar+Rx.swift */ = {isa = PBXFileReference; fileEncoding = 4; lastKnownFileType = sourcecode.swift; path = "UISearchBar+Rx.swift"; sourceTree = "<group>"; };
		E447DC652150275E008CCB5C /* UIPageControl+Rx.swift */ = {isa = PBXFileReference; fileEncoding = 4; lastKnownFileType = sourcecode.swift; path = "UIPageControl+Rx.swift"; sourceTree = "<group>"; };
		E447DC662150275E008CCB5C /* UIProgressView+Rx.swift */ = {isa = PBXFileReference; fileEncoding = 4; lastKnownFileType = sourcecode.swift; path = "UIProgressView+Rx.swift"; sourceTree = "<group>"; };
		E4562809214DD9400082217C /* Beer.swift */ = {isa = PBXFileReference; lastKnownFileType = sourcecode.swift; path = Beer.swift; sourceTree = "<group>"; };
		E49BC9F5214DD061000E6886 /* Pubs.app */ = {isa = PBXFileReference; explicitFileType = wrapper.application; includeInIndex = 0; path = Pubs.app; sourceTree = BUILT_PRODUCTS_DIR; };
		E49BCA09214DD062000E6886 /* PubsTests.xctest */ = {isa = PBXFileReference; explicitFileType = wrapper.cfbundle; includeInIndex = 0; path = PubsTests.xctest; sourceTree = BUILT_PRODUCTS_DIR; };
		E49BCA0D214DD062000E6886 /* PubsTests.swift */ = {isa = PBXFileReference; lastKnownFileType = sourcecode.swift; path = PubsTests.swift; sourceTree = "<group>"; };
		E49BCA0F214DD062000E6886 /* Info.plist */ = {isa = PBXFileReference; lastKnownFileType = text.plist.xml; path = Info.plist; sourceTree = "<group>"; };
		E49BCA14214DD062000E6886 /* PubsUITests.xctest */ = {isa = PBXFileReference; explicitFileType = wrapper.cfbundle; includeInIndex = 0; path = PubsUITests.xctest; sourceTree = BUILT_PRODUCTS_DIR; };
		E49BCA18214DD062000E6886 /* PubsUITests.swift */ = {isa = PBXFileReference; lastKnownFileType = sourcecode.swift; path = PubsUITests.swift; sourceTree = "<group>"; };
		E49BCA1A214DD062000E6886 /* Info.plist */ = {isa = PBXFileReference; lastKnownFileType = text.plist.xml; path = Info.plist; sourceTree = "<group>"; };
		E49BCA29214DD174000E6886 /* Base */ = {isa = PBXFileReference; lastKnownFileType = file.storyboard; name = Base; path = Base.lproj/LaunchScreen.storyboard; sourceTree = "<group>"; };
		E49BCA2B214DD174000E6886 /* Base */ = {isa = PBXFileReference; lastKnownFileType = file.storyboard; name = Base; path = Base.lproj/Main.storyboard; sourceTree = "<group>"; };
		E49BCA32214DD174000E6886 /* AppDelegate.swift */ = {isa = PBXFileReference; fileEncoding = 4; lastKnownFileType = sourcecode.swift; path = AppDelegate.swift; sourceTree = "<group>"; };
		E49BCA36214DD174000E6886 /* Assets.xcassets */ = {isa = PBXFileReference; lastKnownFileType = folder.assetcatalog; path = Assets.xcassets; sourceTree = "<group>"; };
		E49BCA3F214DD28E000E6886 /* Info.plist */ = {isa = PBXFileReference; fileEncoding = 4; lastKnownFileType = text.plist.xml; path = Info.plist; sourceTree = "<group>"; };
		E4A1236D214DDBC30001FA48 /* Restaurant.swift */ = {isa = PBXFileReference; lastKnownFileType = sourcecode.swift; path = Restaurant.swift; sourceTree = "<group>"; };
		E4A1236F214DDBF20001FA48 /* MainViewController.swift */ = {isa = PBXFileReference; lastKnownFileType = sourcecode.swift; path = MainViewController.swift; sourceTree = "<group>"; };
		E4A12371214DDC080001FA48 /* LunchViewController.swift */ = {isa = PBXFileReference; lastKnownFileType = sourcecode.swift; path = LunchViewController.swift; sourceTree = "<group>"; };
		E4A12373214DDC0F0001FA48 /* PubViewController.swift */ = {isa = PBXFileReference; lastKnownFileType = sourcecode.swift; path = PubViewController.swift; sourceTree = "<group>"; };
		E4A12375214DDDD90001FA48 /* AppTheme.swift */ = {isa = PBXFileReference; lastKnownFileType = sourcecode.swift; path = AppTheme.swift; sourceTree = "<group>"; };
		E4A1237A214DE68F0001FA48 /* UIViewControllerExtensions.swift */ = {isa = PBXFileReference; lastKnownFileType = sourcecode.swift; path = UIViewControllerExtensions.swift; sourceTree = "<group>"; };
		E4A1237D214DE7940001FA48 /* UIColorExtensions.swift */ = {isa = PBXFileReference; lastKnownFileType = sourcecode.swift; path = UIColorExtensions.swift; sourceTree = "<group>"; };
		E4A12383214F98650001FA48 /* RxTheme.swift */ = {isa = PBXFileReference; lastKnownFileType = sourcecode.swift; path = RxTheme.swift; sourceTree = "<group>"; };
		F2EB5FCF450DFFD6668C4161 /* Pods-PubsUITests.debug.xcconfig */ = {isa = PBXFileReference; includeInIndex = 1; lastKnownFileType = text.xcconfig; name = "Pods-PubsUITests.debug.xcconfig"; path = "Pods/Target Support Files/Pods-PubsUITests/Pods-PubsUITests.debug.xcconfig"; sourceTree = "<group>"; };
/* End PBXFileReference section */

/* Begin PBXFrameworksBuildPhase section */
		E49BC9F2214DD061000E6886 /* Frameworks */ = {
			isa = PBXFrameworksBuildPhase;
			buildActionMask = 2147483647;
			files = (
				705A4A54B599A4F6B22C24EA /* Pods_Pubs.framework in Frameworks */,
			);
			runOnlyForDeploymentPostprocessing = 0;
		};
		E49BCA06214DD062000E6886 /* Frameworks */ = {
			isa = PBXFrameworksBuildPhase;
			buildActionMask = 2147483647;
			files = (
				8DD664E5CB59FDD63787D429 /* Pods_PubsTests.framework in Frameworks */,
			);
			runOnlyForDeploymentPostprocessing = 0;
		};
		E49BCA11214DD062000E6886 /* Frameworks */ = {
			isa = PBXFrameworksBuildPhase;
			buildActionMask = 2147483647;
			files = (
				1EDC13969B5D9AD883AC0F7A /* Pods_PubsUITests.framework in Frameworks */,
			);
			runOnlyForDeploymentPostprocessing = 0;
		};
/* End PBXFrameworksBuildPhase section */

/* Begin PBXGroup section */
		0C9A912D17AB534418D531B9 /* Frameworks */ = {
			isa = PBXGroup;
			children = (
				618EB0256DF74814BB0DDBA3 /* Pods_Pubs.framework */,
				BFBEC96E1F367C949F32FE93 /* Pods_PubsTests.framework */,
				3040811D47CA59412CD8DDC7 /* Pods_PubsUITests.framework */,
			);
			name = Frameworks;
			sourceTree = "<group>";
		};
		38328074C5E8141F3899F2B5 /* Pods */ = {
			isa = PBXGroup;
			children = (
				74A5CCED1858C931915CA6D7 /* Pods-Pubs.debug.xcconfig */,
				AC7B03457A22B63E55A18A1A /* Pods-Pubs.release.xcconfig */,
				1CD88BC4B48F01B812B97284 /* Pods-PubsTests.debug.xcconfig */,
				894B6E12420D01AE9C437EA6 /* Pods-PubsTests.release.xcconfig */,
				F2EB5FCF450DFFD6668C4161 /* Pods-PubsUITests.debug.xcconfig */,
				552BD2642B1E069AD06A36F2 /* Pods-PubsUITests.release.xcconfig */,
			);
			name = Pods;
			sourceTree = "<group>";
		};
		E49BC9EC214DD061000E6886 = {
			isa = PBXGroup;
			children = (
				E49BC9F7214DD061000E6886 /* Pubs */,
				E49BCA0C214DD062000E6886 /* PubsTests */,
				E49BCA17214DD062000E6886 /* PubsUITests */,
				E49BC9F6214DD061000E6886 /* Products */,
				38328074C5E8141F3899F2B5 /* Pods */,
				0C9A912D17AB534418D531B9 /* Frameworks */,
			);
			sourceTree = "<group>";
		};
		E49BC9F6214DD061000E6886 /* Products */ = {
			isa = PBXGroup;
			children = (
				E49BC9F5214DD061000E6886 /* Pubs.app */,
				E49BCA09214DD062000E6886 /* PubsTests.xctest */,
				E49BCA14214DD062000E6886 /* PubsUITests.xctest */,
			);
			name = Products;
			sourceTree = "<group>";
		};
		E49BC9F7214DD061000E6886 /* Pubs */ = {
			isa = PBXGroup;
			children = (
				E49BCA3F214DD28E000E6886 /* Info.plist */,
				E49BCA35214DD174000E6886 /* Resources */,
				E49BCA26214DD174000E6886 /* Sources */,
			);
			path = Pubs;
			sourceTree = "<group>";
		};
		E49BCA0C214DD062000E6886 /* PubsTests */ = {
			isa = PBXGroup;
			children = (
				E49BCA0D214DD062000E6886 /* PubsTests.swift */,
				E49BCA0F214DD062000E6886 /* Info.plist */,
			);
			path = PubsTests;
			sourceTree = "<group>";
		};
		E49BCA17214DD062000E6886 /* PubsUITests */ = {
			isa = PBXGroup;
			children = (
				E49BCA18214DD062000E6886 /* PubsUITests.swift */,
				E49BCA1A214DD062000E6886 /* Info.plist */,
			);
			path = PubsUITests;
			sourceTree = "<group>";
		};
		E49BCA26214DD174000E6886 /* Sources */ = {
			isa = PBXGroup;
			children = (
				E49BCA27214DD174000E6886 /* Storyboards */,
				E49BCA2C214DD174000E6886 /* Dependencies */,
				E49BCA2D214DD174000E6886 /* Utils */,
				E49BCA2E214DD174000E6886 /* Models */,
				E49BCA2F214DD174000E6886 /* ViewControllers */,
				E49BCA31214DD174000E6886 /* AppDelegate */,
				E49BCA34214DD174000E6886 /* ViewComponents */,
			);
			path = Sources;
			sourceTree = "<group>";
		};
		E49BCA27214DD174000E6886 /* Storyboards */ = {
			isa = PBXGroup;
			children = (
				E49BCA28214DD174000E6886 /* LaunchScreen.storyboard */,
				E49BCA2A214DD174000E6886 /* Main.storyboard */,
			);
			path = Storyboards;
			sourceTree = "<group>";
		};
		E49BCA2C214DD174000E6886 /* Dependencies */ = {
			isa = PBXGroup;
			children = (
				E4A12375214DDDD90001FA48 /* AppTheme.swift */,
			);
			path = Dependencies;
			sourceTree = "<group>";
		};
		E49BCA2D214DD174000E6886 /* Utils */ = {
			isa = PBXGroup;
			children = (
				E4A1237F214F98300001FA48 /* Theme */,
				E4A12378214DE6760001FA48 /* UI */,
			);
			path = Utils;
			sourceTree = "<group>";
		};
		E49BCA2E214DD174000E6886 /* Models */ = {
			isa = PBXGroup;
			children = (
				E4562809214DD9400082217C /* Beer.swift */,
				E4A1236D214DDBC30001FA48 /* Restaurant.swift */,
			);
			path = Models;
			sourceTree = "<group>";
		};
		E49BCA2F214DD174000E6886 /* ViewControllers */ = {
			isa = PBXGroup;
			children = (
				E4A1236B214DDB2F0001FA48 /* PubViewController */,
				E4A1236A214DDB260001FA48 /* LunchViewController */,
				E4A12369214DDAF80001FA48 /* MainTabbarController */,
			);
			path = ViewControllers;
			sourceTree = "<group>";
		};
		E49BCA31214DD174000E6886 /* AppDelegate */ = {
			isa = PBXGroup;
			children = (
				E49BCA32214DD174000E6886 /* AppDelegate.swift */,
			);
			path = AppDelegate;
			sourceTree = "<group>";
		};
		E49BCA34214DD174000E6886 /* ViewComponents */ = {
			isa = PBXGroup;
			children = (
			);
			path = ViewComponents;
			sourceTree = "<group>";
		};
		E49BCA35214DD174000E6886 /* Resources */ = {
			isa = PBXGroup;
			children = (
				E49BCA36214DD174000E6886 /* Assets.xcassets */,
			);
			path = Resources;
			sourceTree = "<group>";
		};
		E4A12369214DDAF80001FA48 /* MainTabbarController */ = {
			isa = PBXGroup;
			children = (
				E4A1236F214DDBF20001FA48 /* MainViewController.swift */,
			);
			path = MainTabbarController;
			sourceTree = "<group>";
		};
		E4A1236A214DDB260001FA48 /* LunchViewController */ = {
			isa = PBXGroup;
			children = (
				E4A12371214DDC080001FA48 /* LunchViewController.swift */,
			);
			path = LunchViewController;
			sourceTree = "<group>";
		};
		E4A1236B214DDB2F0001FA48 /* PubViewController */ = {
			isa = PBXGroup;
			children = (
				E4A12373214DDC0F0001FA48 /* PubViewController.swift */,
			);
			path = PubViewController;
			sourceTree = "<group>";
		};
		E4A12378214DE6760001FA48 /* UI */ = {
			isa = PBXGroup;
			children = (
				E4A1237C214DE7870001FA48 /* Color */,
				E4A12379214DE6800001FA48 /* ViewController */,
			);
			path = UI;
			sourceTree = "<group>";
		};
		E4A12379214DE6800001FA48 /* ViewController */ = {
			isa = PBXGroup;
			children = (
				E4A1237A214DE68F0001FA48 /* UIViewControllerExtensions.swift */,
			);
			path = ViewController;
			sourceTree = "<group>";
		};
		E4A1237C214DE7870001FA48 /* Color */ = {
			isa = PBXGroup;
			children = (
				E4A1237D214DE7940001FA48 /* UIColorExtensions.swift */,
			);
			path = Color;
			sourceTree = "<group>";
		};
		E4A1237F214F98300001FA48 /* Theme */ = {
			isa = PBXGroup;
			children = (
				E4A12380214F983B0001FA48 /* Extensions */,
				E4A12383214F98650001FA48 /* RxTheme.swift */,
			);
			path = Theme;
			sourceTree = "<group>";
		};
		E4A12380214F983B0001FA48 /* Extensions */ = {
			isa = PBXGroup;
			children = (
				E447DC592150275E008CCB5C /* CALayer+Rx.swift */,
				E447DC612150275E008CCB5C /* UIActivityIndicatorView+Rx.swift */,
				E447DC602150275E008CCB5C /* UIBarButtonItem+Rx.swift */,
				E447DC5B2150275E008CCB5C /* UIButton+Rx.swift */,
				E447DC5A2150275E008CCB5C /* UILabel+Rx.swift */,
				E447DC582150275E008CCB5C /* UINavigationBar+Rx.swift */,
				E447DC652150275E008CCB5C /* UIPageControl+Rx.swift */,
				E447DC662150275E008CCB5C /* UIProgressView+Rx.swift */,
				E447DC642150275E008CCB5C /* UISearchBar+Rx.swift */,
				E447DC622150275E008CCB5C /* UISegmentControl+Rx.swift */,
				E447DC552150275D008CCB5C /* UISlider+Rx.swift */,
				E447DC5E2150275E008CCB5C /* UISwitch+Rx.swift */,
				E447DC562150275E008CCB5C /* UITabBar+Rx.swift */,
				E447DC632150275E008CCB5C /* UITableView+Rx.swift */,
				E447DC5F2150275E008CCB5C /* UITextField+Rx.swift */,
				E447DC5C2150275E008CCB5C /* UITextView+Rx.swift */,
				E447DC572150275E008CCB5C /* UIToolbar+Rx.swift */,
				E447DC5D2150275E008CCB5C /* UIView+Rx.swift */,
			);
			path = Extensions;
			sourceTree = "<group>";
		};
/* End PBXGroup section */

/* Begin PBXNativeTarget section */
		E49BC9F4214DD061000E6886 /* Pubs */ = {
			isa = PBXNativeTarget;
			buildConfigurationList = E49BCA1D214DD062000E6886 /* Build configuration list for PBXNativeTarget "Pubs" */;
			buildPhases = (
				7C5BFA28C8EDF6F9FF74707B /* [CP] Check Pods Manifest.lock */,
				E49BC9F1214DD061000E6886 /* Sources */,
				E49BC9F2214DD061000E6886 /* Frameworks */,
				E49BC9F3214DD061000E6886 /* Resources */,
				E4A12377214DE0A70001FA48 /* Swiftlint */,
				8A8E0846A72C67A854AB7B74 /* [CP] Embed Pods Frameworks */,
			);
			buildRules = (
			);
			dependencies = (
			);
			name = Pubs;
			productName = Pubs;
			productReference = E49BC9F5214DD061000E6886 /* Pubs.app */;
			productType = "com.apple.product-type.application";
		};
		E49BCA08214DD062000E6886 /* PubsTests */ = {
			isa = PBXNativeTarget;
			buildConfigurationList = E49BCA20214DD062000E6886 /* Build configuration list for PBXNativeTarget "PubsTests" */;
			buildPhases = (
				702204C27A2E9F3D4D467F04 /* [CP] Check Pods Manifest.lock */,
				E49BCA05214DD062000E6886 /* Sources */,
				E49BCA06214DD062000E6886 /* Frameworks */,
				E49BCA07214DD062000E6886 /* Resources */,
			);
			buildRules = (
			);
			dependencies = (
				E49BCA0B214DD062000E6886 /* PBXTargetDependency */,
			);
			name = PubsTests;
			productName = PubsTests;
			productReference = E49BCA09214DD062000E6886 /* PubsTests.xctest */;
			productType = "com.apple.product-type.bundle.unit-test";
		};
		E49BCA13214DD062000E6886 /* PubsUITests */ = {
			isa = PBXNativeTarget;
			buildConfigurationList = E49BCA23214DD062000E6886 /* Build configuration list for PBXNativeTarget "PubsUITests" */;
			buildPhases = (
				A0D11FC68A98212B643CEB67 /* [CP] Check Pods Manifest.lock */,
				E49BCA10214DD062000E6886 /* Sources */,
				E49BCA11214DD062000E6886 /* Frameworks */,
				E49BCA12214DD062000E6886 /* Resources */,
			);
			buildRules = (
			);
			dependencies = (
				E49BCA16214DD062000E6886 /* PBXTargetDependency */,
			);
			name = PubsUITests;
			productName = PubsUITests;
			productReference = E49BCA14214DD062000E6886 /* PubsUITests.xctest */;
			productType = "com.apple.product-type.bundle.ui-testing";
		};
/* End PBXNativeTarget section */

/* Begin PBXProject section */
		E49BC9ED214DD061000E6886 /* Project object */ = {
			isa = PBXProject;
			attributes = {
				LastSwiftUpdateCheck = 1000;
				LastUpgradeCheck = 1000;
				ORGANIZATIONNAME = Buscu;
				TargetAttributes = {
					E49BC9F4214DD061000E6886 = {
						CreatedOnToolsVersion = 10.0;
					};
					E49BCA08214DD062000E6886 = {
						CreatedOnToolsVersion = 10.0;
						TestTargetID = E49BC9F4214DD061000E6886;
					};
					E49BCA13214DD062000E6886 = {
						CreatedOnToolsVersion = 10.0;
						TestTargetID = E49BC9F4214DD061000E6886;
					};
				};
			};
			buildConfigurationList = E49BC9F0214DD061000E6886 /* Build configuration list for PBXProject "Pubs" */;
			compatibilityVersion = "Xcode 9.3";
			developmentRegion = en;
			hasScannedForEncodings = 0;
			knownRegions = (
				en,
				Base,
			);
			mainGroup = E49BC9EC214DD061000E6886;
			productRefGroup = E49BC9F6214DD061000E6886 /* Products */;
			projectDirPath = "";
			projectRoot = "";
			targets = (
				E49BC9F4214DD061000E6886 /* Pubs */,
				E49BCA08214DD062000E6886 /* PubsTests */,
				E49BCA13214DD062000E6886 /* PubsUITests */,
			);
		};
/* End PBXProject section */

/* Begin PBXResourcesBuildPhase section */
		E49BC9F3214DD061000E6886 /* Resources */ = {
			isa = PBXResourcesBuildPhase;
			buildActionMask = 2147483647;
			files = (
				E49BCA37214DD174000E6886 /* LaunchScreen.storyboard in Resources */,
				E49BCA38214DD174000E6886 /* Main.storyboard in Resources */,
				E49BCA3C214DD174000E6886 /* Assets.xcassets in Resources */,
			);
			runOnlyForDeploymentPostprocessing = 0;
		};
		E49BCA07214DD062000E6886 /* Resources */ = {
			isa = PBXResourcesBuildPhase;
			buildActionMask = 2147483647;
			files = (
			);
			runOnlyForDeploymentPostprocessing = 0;
		};
		E49BCA12214DD062000E6886 /* Resources */ = {
			isa = PBXResourcesBuildPhase;
			buildActionMask = 2147483647;
			files = (
			);
			runOnlyForDeploymentPostprocessing = 0;
		};
/* End PBXResourcesBuildPhase section */

/* Begin PBXShellScriptBuildPhase section */
		702204C27A2E9F3D4D467F04 /* [CP] Check Pods Manifest.lock */ = {
			isa = PBXShellScriptBuildPhase;
			buildActionMask = 2147483647;
			files = (
			);
			inputPaths = (
				"${PODS_PODFILE_DIR_PATH}/Podfile.lock",
				"${PODS_ROOT}/Manifest.lock",
			);
			name = "[CP] Check Pods Manifest.lock";
			outputPaths = (
				"$(DERIVED_FILE_DIR)/Pods-PubsTests-checkManifestLockResult.txt",
			);
			runOnlyForDeploymentPostprocessing = 0;
			shellPath = /bin/sh;
			shellScript = "diff \"${PODS_PODFILE_DIR_PATH}/Podfile.lock\" \"${PODS_ROOT}/Manifest.lock\" > /dev/null\nif [ $? != 0 ] ; then\n    # print error to STDERR\n    echo \"error: The sandbox is not in sync with the Podfile.lock. Run 'pod install' or update your CocoaPods installation.\" >&2\n    exit 1\nfi\n# This output is used by Xcode 'outputs' to avoid re-running this script phase.\necho \"SUCCESS\" > \"${SCRIPT_OUTPUT_FILE_0}\"\n";
			showEnvVarsInLog = 0;
		};
		7C5BFA28C8EDF6F9FF74707B /* [CP] Check Pods Manifest.lock */ = {
			isa = PBXShellScriptBuildPhase;
			buildActionMask = 2147483647;
			files = (
			);
			inputPaths = (
				"${PODS_PODFILE_DIR_PATH}/Podfile.lock",
				"${PODS_ROOT}/Manifest.lock",
			);
			name = "[CP] Check Pods Manifest.lock";
			outputPaths = (
				"$(DERIVED_FILE_DIR)/Pods-Pubs-checkManifestLockResult.txt",
			);
			runOnlyForDeploymentPostprocessing = 0;
			shellPath = /bin/sh;
			shellScript = "diff \"${PODS_PODFILE_DIR_PATH}/Podfile.lock\" \"${PODS_ROOT}/Manifest.lock\" > /dev/null\nif [ $? != 0 ] ; then\n    # print error to STDERR\n    echo \"error: The sandbox is not in sync with the Podfile.lock. Run 'pod install' or update your CocoaPods installation.\" >&2\n    exit 1\nfi\n# This output is used by Xcode 'outputs' to avoid re-running this script phase.\necho \"SUCCESS\" > \"${SCRIPT_OUTPUT_FILE_0}\"\n";
			showEnvVarsInLog = 0;
		};
		8A8E0846A72C67A854AB7B74 /* [CP] Embed Pods Frameworks */ = {
			isa = PBXShellScriptBuildPhase;
			buildActionMask = 2147483647;
			files = (
			);
			inputPaths = (
				"${SRCROOT}/Pods/Target Support Files/Pods-Pubs/Pods-Pubs-frameworks.sh",
				"${BUILT_PRODUCTS_DIR}/RxCocoa/RxCocoa.framework",
				"${BUILT_PRODUCTS_DIR}/RxSwift/RxSwift.framework",
			);
			name = "[CP] Embed Pods Frameworks";
			outputPaths = (
				"${TARGET_BUILD_DIR}/${FRAMEWORKS_FOLDER_PATH}/RxCocoa.framework",
				"${TARGET_BUILD_DIR}/${FRAMEWORKS_FOLDER_PATH}/RxSwift.framework",
			);
			runOnlyForDeploymentPostprocessing = 0;
			shellPath = /bin/sh;
			shellScript = "\"${SRCROOT}/Pods/Target Support Files/Pods-Pubs/Pods-Pubs-frameworks.sh\"\n";
			showEnvVarsInLog = 0;
		};
		A0D11FC68A98212B643CEB67 /* [CP] Check Pods Manifest.lock */ = {
			isa = PBXShellScriptBuildPhase;
			buildActionMask = 2147483647;
			files = (
			);
			inputPaths = (
				"${PODS_PODFILE_DIR_PATH}/Podfile.lock",
				"${PODS_ROOT}/Manifest.lock",
			);
			name = "[CP] Check Pods Manifest.lock";
			outputPaths = (
				"$(DERIVED_FILE_DIR)/Pods-PubsUITests-checkManifestLockResult.txt",
			);
			runOnlyForDeploymentPostprocessing = 0;
			shellPath = /bin/sh;
			shellScript = "diff \"${PODS_PODFILE_DIR_PATH}/Podfile.lock\" \"${PODS_ROOT}/Manifest.lock\" > /dev/null\nif [ $? != 0 ] ; then\n    # print error to STDERR\n    echo \"error: The sandbox is not in sync with the Podfile.lock. Run 'pod install' or update your CocoaPods installation.\" >&2\n    exit 1\nfi\n# This output is used by Xcode 'outputs' to avoid re-running this script phase.\necho \"SUCCESS\" > \"${SCRIPT_OUTPUT_FILE_0}\"\n";
			showEnvVarsInLog = 0;
		};
		E4A12377214DE0A70001FA48 /* Swiftlint */ = {
			isa = PBXShellScriptBuildPhase;
			buildActionMask = 2147483647;
			files = (
			);
			inputPaths = (
			);
			name = Swiftlint;
			outputPaths = (
			);
			runOnlyForDeploymentPostprocessing = 0;
			shellPath = /bin/sh;
			shellScript = "# Type a script or drag a script file from your workspace to insert its path.\nif which swiftlint >/dev/null; then\nswiftlint\nelse\necho \"warning: SwiftLint not installed, download from https://github.com/realm/SwiftLint\"\nfi\n";
		};
/* End PBXShellScriptBuildPhase section */

/* Begin PBXSourcesBuildPhase section */
		E49BC9F1214DD061000E6886 /* Sources */ = {
			isa = PBXSourcesBuildPhase;
			buildActionMask = 2147483647;
			files = (
				E4A1237E214DE7940001FA48 /* UIColorExtensions.swift in Sources */,
				E447DC782150275E008CCB5C /* UIProgressView+Rx.swift in Sources */,
				E447DC712150275E008CCB5C /* UITextField+Rx.swift in Sources */,
				E4A1237B214DE68F0001FA48 /* UIViewControllerExtensions.swift in Sources */,
				E447DC6B2150275E008CCB5C /* CALayer+Rx.swift in Sources */,
				E447DC6F2150275E008CCB5C /* UIView+Rx.swift in Sources */,
				E4A12376214DDDD90001FA48 /* AppTheme.swift in Sources */,
				E447DC682150275E008CCB5C /* UITabBar+Rx.swift in Sources */,
				E447DC6E2150275E008CCB5C /* UITextView+Rx.swift in Sources */,
				E49BCA3A214DD174000E6886 /* AppDelegate.swift in Sources */,
				E4A12372214DDC080001FA48 /* LunchViewController.swift in Sources */,
				E4A12374214DDC0F0001FA48 /* PubViewController.swift in Sources */,
				E447DC6A2150275E008CCB5C /* UINavigationBar+Rx.swift in Sources */,
				E447DC772150275E008CCB5C /* UIPageControl+Rx.swift in Sources */,
				E456280A214DD9400082217C /* Beer.swift in Sources */,
				E447DC692150275E008CCB5C /* UIToolbar+Rx.swift in Sources */,
				E4A1236E214DDBC30001FA48 /* Restaurant.swift in Sources */,
				E447DC6D2150275E008CCB5C /* UIButton+Rx.swift in Sources */,
				E447DC722150275E008CCB5C /* UIBarButtonItem+Rx.swift in Sources */,
				E4A12384214F98650001FA48 /* RxTheme.swift in Sources */,
				E4A12370214DDBF20001FA48 /* MainViewController.swift in Sources */,
				E447DC762150275E008CCB5C /* UISearchBar+Rx.swift in Sources */,
				E447DC742150275E008CCB5C /* UISegmentControl+Rx.swift in Sources */,
				E447DC702150275E008CCB5C /* UISwitch+Rx.swift in Sources */,
				E447DC752150275E008CCB5C /* UITableView+Rx.swift in Sources */,
				E447DC6C2150275E008CCB5C /* UILabel+Rx.swift in Sources */,
				E447DC732150275E008CCB5C /* UIActivityIndicatorView+Rx.swift in Sources */,
				E447DC672150275E008CCB5C /* UISlider+Rx.swift in Sources */,
			);
			runOnlyForDeploymentPostprocessing = 0;
		};
		E49BCA05214DD062000E6886 /* Sources */ = {
			isa = PBXSourcesBuildPhase;
			buildActionMask = 2147483647;
			files = (
				E49BCA0E214DD062000E6886 /* PubsTests.swift in Sources */,
			);
			runOnlyForDeploymentPostprocessing = 0;
		};
		E49BCA10214DD062000E6886 /* Sources */ = {
			isa = PBXSourcesBuildPhase;
			buildActionMask = 2147483647;
			files = (
				E49BCA19214DD062000E6886 /* PubsUITests.swift in Sources */,
			);
			runOnlyForDeploymentPostprocessing = 0;
		};
/* End PBXSourcesBuildPhase section */

/* Begin PBXTargetDependency section */
		E49BCA0B214DD062000E6886 /* PBXTargetDependency */ = {
			isa = PBXTargetDependency;
			target = E49BC9F4214DD061000E6886 /* Pubs */;
			targetProxy = E49BCA0A214DD062000E6886 /* PBXContainerItemProxy */;
		};
		E49BCA16214DD062000E6886 /* PBXTargetDependency */ = {
			isa = PBXTargetDependency;
			target = E49BC9F4214DD061000E6886 /* Pubs */;
			targetProxy = E49BCA15214DD062000E6886 /* PBXContainerItemProxy */;
		};
/* End PBXTargetDependency section */

/* Begin PBXVariantGroup section */
		E49BCA28214DD174000E6886 /* LaunchScreen.storyboard */ = {
			isa = PBXVariantGroup;
			children = (
				E49BCA29214DD174000E6886 /* Base */,
			);
			name = LaunchScreen.storyboard;
			sourceTree = "<group>";
		};
		E49BCA2A214DD174000E6886 /* Main.storyboard */ = {
			isa = PBXVariantGroup;
			children = (
				E49BCA2B214DD174000E6886 /* Base */,
			);
			name = Main.storyboard;
			sourceTree = "<group>";
		};
/* End PBXVariantGroup section */

/* Begin XCBuildConfiguration section */
		E49BCA1B214DD062000E6886 /* Debug */ = {
			isa = XCBuildConfiguration;
			buildSettings = {
				ALWAYS_SEARCH_USER_PATHS = NO;
				CLANG_ANALYZER_NONNULL = YES;
				CLANG_ANALYZER_NUMBER_OBJECT_CONVERSION = YES_AGGRESSIVE;
				CLANG_CXX_LANGUAGE_STANDARD = "gnu++14";
				CLANG_CXX_LIBRARY = "libc++";
				CLANG_ENABLE_MODULES = YES;
				CLANG_ENABLE_OBJC_ARC = YES;
				CLANG_ENABLE_OBJC_WEAK = YES;
				CLANG_WARN_BLOCK_CAPTURE_AUTORELEASING = YES;
				CLANG_WARN_BOOL_CONVERSION = YES;
				CLANG_WARN_COMMA = YES;
				CLANG_WARN_CONSTANT_CONVERSION = YES;
				CLANG_WARN_DEPRECATED_OBJC_IMPLEMENTATIONS = YES;
				CLANG_WARN_DIRECT_OBJC_ISA_USAGE = YES_ERROR;
				CLANG_WARN_DOCUMENTATION_COMMENTS = YES;
				CLANG_WARN_EMPTY_BODY = YES;
				CLANG_WARN_ENUM_CONVERSION = YES;
				CLANG_WARN_INFINITE_RECURSION = YES;
				CLANG_WARN_INT_CONVERSION = YES;
				CLANG_WARN_NON_LITERAL_NULL_CONVERSION = YES;
				CLANG_WARN_OBJC_IMPLICIT_RETAIN_SELF = YES;
				CLANG_WARN_OBJC_LITERAL_CONVERSION = YES;
				CLANG_WARN_OBJC_ROOT_CLASS = YES_ERROR;
				CLANG_WARN_RANGE_LOOP_ANALYSIS = YES;
				CLANG_WARN_STRICT_PROTOTYPES = YES;
				CLANG_WARN_SUSPICIOUS_MOVE = YES;
				CLANG_WARN_UNGUARDED_AVAILABILITY = YES_AGGRESSIVE;
				CLANG_WARN_UNREACHABLE_CODE = YES;
				CLANG_WARN__DUPLICATE_METHOD_MATCH = YES;
				CODE_SIGN_IDENTITY = "iPhone Developer";
				COPY_PHASE_STRIP = NO;
				DEBUG_INFORMATION_FORMAT = dwarf;
				ENABLE_STRICT_OBJC_MSGSEND = YES;
				ENABLE_TESTABILITY = YES;
				GCC_C_LANGUAGE_STANDARD = gnu11;
				GCC_DYNAMIC_NO_PIC = NO;
				GCC_NO_COMMON_BLOCKS = YES;
				GCC_OPTIMIZATION_LEVEL = 0;
				GCC_PREPROCESSOR_DEFINITIONS = (
					"DEBUG=1",
					"$(inherited)",
				);
				GCC_WARN_64_TO_32_BIT_CONVERSION = YES;
				GCC_WARN_ABOUT_RETURN_TYPE = YES_ERROR;
				GCC_WARN_UNDECLARED_SELECTOR = YES;
				GCC_WARN_UNINITIALIZED_AUTOS = YES_AGGRESSIVE;
				GCC_WARN_UNUSED_FUNCTION = YES;
				GCC_WARN_UNUSED_VARIABLE = YES;
				IPHONEOS_DEPLOYMENT_TARGET = 12.0;
				MTL_ENABLE_DEBUG_INFO = INCLUDE_SOURCE;
				MTL_FAST_MATH = YES;
				ONLY_ACTIVE_ARCH = YES;
				SDKROOT = iphoneos;
				SWIFT_ACTIVE_COMPILATION_CONDITIONS = DEBUG;
				SWIFT_OPTIMIZATION_LEVEL = "-Onone";
			};
			name = Debug;
		};
		E49BCA1C214DD062000E6886 /* Release */ = {
			isa = XCBuildConfiguration;
			buildSettings = {
				ALWAYS_SEARCH_USER_PATHS = NO;
				CLANG_ANALYZER_NONNULL = YES;
				CLANG_ANALYZER_NUMBER_OBJECT_CONVERSION = YES_AGGRESSIVE;
				CLANG_CXX_LANGUAGE_STANDARD = "gnu++14";
				CLANG_CXX_LIBRARY = "libc++";
				CLANG_ENABLE_MODULES = YES;
				CLANG_ENABLE_OBJC_ARC = YES;
				CLANG_ENABLE_OBJC_WEAK = YES;
				CLANG_WARN_BLOCK_CAPTURE_AUTORELEASING = YES;
				CLANG_WARN_BOOL_CONVERSION = YES;
				CLANG_WARN_COMMA = YES;
				CLANG_WARN_CONSTANT_CONVERSION = YES;
				CLANG_WARN_DEPRECATED_OBJC_IMPLEMENTATIONS = YES;
				CLANG_WARN_DIRECT_OBJC_ISA_USAGE = YES_ERROR;
				CLANG_WARN_DOCUMENTATION_COMMENTS = YES;
				CLANG_WARN_EMPTY_BODY = YES;
				CLANG_WARN_ENUM_CONVERSION = YES;
				CLANG_WARN_INFINITE_RECURSION = YES;
				CLANG_WARN_INT_CONVERSION = YES;
				CLANG_WARN_NON_LITERAL_NULL_CONVERSION = YES;
				CLANG_WARN_OBJC_IMPLICIT_RETAIN_SELF = YES;
				CLANG_WARN_OBJC_LITERAL_CONVERSION = YES;
				CLANG_WARN_OBJC_ROOT_CLASS = YES_ERROR;
				CLANG_WARN_RANGE_LOOP_ANALYSIS = YES;
				CLANG_WARN_STRICT_PROTOTYPES = YES;
				CLANG_WARN_SUSPICIOUS_MOVE = YES;
				CLANG_WARN_UNGUARDED_AVAILABILITY = YES_AGGRESSIVE;
				CLANG_WARN_UNREACHABLE_CODE = YES;
				CLANG_WARN__DUPLICATE_METHOD_MATCH = YES;
				CODE_SIGN_IDENTITY = "iPhone Developer";
				COPY_PHASE_STRIP = NO;
				DEBUG_INFORMATION_FORMAT = "dwarf-with-dsym";
				ENABLE_NS_ASSERTIONS = NO;
				ENABLE_STRICT_OBJC_MSGSEND = YES;
				GCC_C_LANGUAGE_STANDARD = gnu11;
				GCC_NO_COMMON_BLOCKS = YES;
				GCC_WARN_64_TO_32_BIT_CONVERSION = YES;
				GCC_WARN_ABOUT_RETURN_TYPE = YES_ERROR;
				GCC_WARN_UNDECLARED_SELECTOR = YES;
				GCC_WARN_UNINITIALIZED_AUTOS = YES_AGGRESSIVE;
				GCC_WARN_UNUSED_FUNCTION = YES;
				GCC_WARN_UNUSED_VARIABLE = YES;
				IPHONEOS_DEPLOYMENT_TARGET = 12.0;
				MTL_ENABLE_DEBUG_INFO = NO;
				MTL_FAST_MATH = YES;
				SDKROOT = iphoneos;
				SWIFT_COMPILATION_MODE = wholemodule;
				SWIFT_OPTIMIZATION_LEVEL = "-O";
				VALIDATE_PRODUCT = YES;
			};
			name = Release;
		};
		E49BCA1E214DD062000E6886 /* Debug */ = {
			isa = XCBuildConfiguration;
			baseConfigurationReference = 74A5CCED1858C931915CA6D7 /* Pods-Pubs.debug.xcconfig */;
			buildSettings = {
				ASSETCATALOG_COMPILER_APPICON_NAME = AppIcon;
				CODE_SIGN_STYLE = Automatic;
				DEVELOPMENT_TEAM = 5BDK8JT6NN;
				INFOPLIST_FILE = "$(SRCROOT)/Pubs/Info.plist";
				LD_RUNPATH_SEARCH_PATHS = (
					"$(inherited)",
					"@executable_path/Frameworks",
				);
				PRODUCT_BUNDLE_IDENTIFIER = buscu.duc.Pubs;
				PRODUCT_NAME = "$(TARGET_NAME)";
				SWIFT_VERSION = 4.2;
				TARGETED_DEVICE_FAMILY = "1,2";
			};
			name = Debug;
		};
		E49BCA1F214DD062000E6886 /* Release */ = {
			isa = XCBuildConfiguration;
			baseConfigurationReference = AC7B03457A22B63E55A18A1A /* Pods-Pubs.release.xcconfig */;
			buildSettings = {
				ASSETCATALOG_COMPILER_APPICON_NAME = AppIcon;
				CODE_SIGN_STYLE = Automatic;
				DEVELOPMENT_TEAM = 5BDK8JT6NN;
				INFOPLIST_FILE = "$(SRCROOT)/Pubs/Info.plist";
				LD_RUNPATH_SEARCH_PATHS = (
					"$(inherited)",
					"@executable_path/Frameworks",
				);
				PRODUCT_BUNDLE_IDENTIFIER = buscu.duc.Pubs;
				PRODUCT_NAME = "$(TARGET_NAME)";
				SWIFT_VERSION = 4.2;
				TARGETED_DEVICE_FAMILY = "1,2";
			};
			name = Release;
		};
		E49BCA21214DD062000E6886 /* Debug */ = {
			isa = XCBuildConfiguration;
			baseConfigurationReference = 1CD88BC4B48F01B812B97284 /* Pods-PubsTests.debug.xcconfig */;
			buildSettings = {
				ALWAYS_EMBED_SWIFT_STANDARD_LIBRARIES = YES;
				BUNDLE_LOADER = "$(TEST_HOST)";
				CODE_SIGN_STYLE = Automatic;
				DEVELOPMENT_TEAM = 5BDK8JT6NN;
				INFOPLIST_FILE = PubsTests/Info.plist;
				LD_RUNPATH_SEARCH_PATHS = (
					"$(inherited)",
					"@executable_path/Frameworks",
					"@loader_path/Frameworks",
				);
				PRODUCT_BUNDLE_IDENTIFIER = buscu.duc.PubsTests;
				PRODUCT_NAME = "$(TARGET_NAME)";
				SWIFT_VERSION = 4.2;
				TARGETED_DEVICE_FAMILY = "1,2";
				TEST_HOST = "$(BUILT_PRODUCTS_DIR)/Pubs.app/Pubs";
			};
			name = Debug;
		};
		E49BCA22214DD062000E6886 /* Release */ = {
			isa = XCBuildConfiguration;
			baseConfigurationReference = 894B6E12420D01AE9C437EA6 /* Pods-PubsTests.release.xcconfig */;
			buildSettings = {
				ALWAYS_EMBED_SWIFT_STANDARD_LIBRARIES = YES;
				BUNDLE_LOADER = "$(TEST_HOST)";
				CODE_SIGN_STYLE = Automatic;
				DEVELOPMENT_TEAM = 5BDK8JT6NN;
				INFOPLIST_FILE = PubsTests/Info.plist;
				LD_RUNPATH_SEARCH_PATHS = (
					"$(inherited)",
					"@executable_path/Frameworks",
					"@loader_path/Frameworks",
				);
				PRODUCT_BUNDLE_IDENTIFIER = buscu.duc.PubsTests;
				PRODUCT_NAME = "$(TARGET_NAME)";
				SWIFT_VERSION = 4.2;
				TARGETED_DEVICE_FAMILY = "1,2";
				TEST_HOST = "$(BUILT_PRODUCTS_DIR)/Pubs.app/Pubs";
			};
			name = Release;
		};
		E49BCA24214DD062000E6886 /* Debug */ = {
			isa = XCBuildConfiguration;
			baseConfigurationReference = F2EB5FCF450DFFD6668C4161 /* Pods-PubsUITests.debug.xcconfig */;
			buildSettings = {
				ALWAYS_EMBED_SWIFT_STANDARD_LIBRARIES = YES;
				CODE_SIGN_STYLE = Automatic;
				DEVELOPMENT_TEAM = 5BDK8JT6NN;
				INFOPLIST_FILE = PubsUITests/Info.plist;
				LD_RUNPATH_SEARCH_PATHS = (
					"$(inherited)",
					"@executable_path/Frameworks",
					"@loader_path/Frameworks",
				);
				PRODUCT_BUNDLE_IDENTIFIER = buscu.duc.PubsUITests;
				PRODUCT_NAME = "$(TARGET_NAME)";
				SWIFT_VERSION = 4.2;
				TARGETED_DEVICE_FAMILY = "1,2";
				TEST_TARGET_NAME = Pubs;
			};
			name = Debug;
		};
		E49BCA25214DD062000E6886 /* Release */ = {
			isa = XCBuildConfiguration;
			baseConfigurationReference = 552BD2642B1E069AD06A36F2 /* Pods-PubsUITests.release.xcconfig */;
			buildSettings = {
				ALWAYS_EMBED_SWIFT_STANDARD_LIBRARIES = YES;
				CODE_SIGN_STYLE = Automatic;
				DEVELOPMENT_TEAM = 5BDK8JT6NN;
				INFOPLIST_FILE = PubsUITests/Info.plist;
				LD_RUNPATH_SEARCH_PATHS = (
					"$(inherited)",
					"@executable_path/Frameworks",
					"@loader_path/Frameworks",
				);
				PRODUCT_BUNDLE_IDENTIFIER = buscu.duc.PubsUITests;
				PRODUCT_NAME = "$(TARGET_NAME)";
				SWIFT_VERSION = 4.2;
				TARGETED_DEVICE_FAMILY = "1,2";
				TEST_TARGET_NAME = Pubs;
			};
			name = Release;
		};
/* End XCBuildConfiguration section */

/* Begin XCConfigurationList section */
		E49BC9F0214DD061000E6886 /* Build configuration list for PBXProject "Pubs" */ = {
			isa = XCConfigurationList;
			buildConfigurations = (
				E49BCA1B214DD062000E6886 /* Debug */,
				E49BCA1C214DD062000E6886 /* Release */,
			);
			defaultConfigurationIsVisible = 0;
			defaultConfigurationName = Release;
		};
		E49BCA1D214DD062000E6886 /* Build configuration list for PBXNativeTarget "Pubs" */ = {
			isa = XCConfigurationList;
			buildConfigurations = (
				E49BCA1E214DD062000E6886 /* Debug */,
				E49BCA1F214DD062000E6886 /* Release */,
			);
			defaultConfigurationIsVisible = 0;
			defaultConfigurationName = Release;
		};
		E49BCA20214DD062000E6886 /* Build configuration list for PBXNativeTarget "PubsTests" */ = {
			isa = XCConfigurationList;
			buildConfigurations = (
				E49BCA21214DD062000E6886 /* Debug */,
				E49BCA22214DD062000E6886 /* Release */,
			);
			defaultConfigurationIsVisible = 0;
			defaultConfigurationName = Release;
		};
		E49BCA23214DD062000E6886 /* Build configuration list for PBXNativeTarget "PubsUITests" */ = {
			isa = XCConfigurationList;
			buildConfigurations = (
				E49BCA24214DD062000E6886 /* Debug */,
				E49BCA25214DD062000E6886 /* Release */,
			);
			defaultConfigurationIsVisible = 0;
			defaultConfigurationName = Release;
		};
/* End XCConfigurationList section */
	};
	rootObject = E49BC9ED214DD061000E6886 /* Project object */;
}
